
Microsoft Visual Studio Solution File, Format Version 12.00
# Visual Studio Version 17
VisualStudioVersion = 17.0.31903.59
MinimumVisualStudioVersion = 10.0.40219.1
Project("{2150E333-8FDC-42A3-9474-1A3956D46DE8}") = "src", "src", "{827E0CD3-B72D-47B6-A68D-7590B98EB39B}"
EndProject
Project("{F184B08F-C81C-45F6-A57F-5ABD9991F28F}") = "Merchandising.Api", "src\Merchandising.Api\Merchandising.Api.vbproj", "{A169969C-749E-44EA-B7A8-1EF2C4ADBA95}"
EndProject
Project("{F184B08F-C81C-45F6-A57F-5ABD9991F28F}") = "Merchandising.Domain", "src\Merchandising.Domain\Merchandising.Domain.vbproj", "{FE35A301-BAE1-48D0-98B7-C858BB95E102}"
EndProject
Project("{F184B08F-C81C-45F6-A57F-5ABD9991F28F}") = "Merchandising.Contracts", "src\Merchandising.Contracts\Merchandising.Contracts.vbproj", "{F195E552-6D61-4BBE-90C1-66259F62EFE3}"
EndProject
Project("{F184B08F-C81C-45F6-A57F-5ABD9991F28F}") = "Merchandising.Infrastructure", "src\Merchandising.Infrastructure\Merchandising.Infrastructure.vbproj", "{E7C923D4-4520-4D4D-81E1-904579883699}"
EndProject
Project("{F184B08F-C81C-45F6-A57F-5ABD9991F28F}") = "Merchandising.ClientCommon", "src\Merchandising.ClientCommon\Merchandising.ClientCommon.vbproj", "{F6CB0F5D-8768-4CB1-ACBD-03CEC47DAF5A}"
EndProject
Project("{F184B08F-C81C-45F6-A57F-5ABD9991F28F}") = "Merchandising.Inventory", "src\Merchandising.Inventory\Merchandising.Inventory.vbproj", "{E19DCADA-12C0-4809-A789-AAA7331F3AAF}"
EndProject
Project("{F184B08F-C81C-45F6-A57F-5ABD9991F28F}") = "Merchandising.Maintenance", "src\Merchandising.Maintenance\Merchandising.Maintenance.vbproj", "{E15416CE-7AA4-43C0-8A44-61E78AF61F0F}"
EndProject
Project("{F184B08F-C81C-45F6-A57F-5ABD9991F28F}") = "Merchandising.POS", "src\Merchandising.POS\Merchandising.POS.vbproj", "{470D3B7B-6899-47C6-AD06-74F8FFA7A24F}"
EndProject
Project("{F184B08F-C81C-45F6-A57F-5ABD9991F28F}") = "Merchandising.Procurement", "src\Merchandising.Procurement\Merchandising.Procurement.vbproj", "{8A3A1D2A-F35A-4206-A09C-7C0E10064861}"
EndProject
Project("{2150E333-8FDC-42A3-9474-1A3956D46DE8}") = "tests", "tests", "{CEA09484-30F6-4D44-02F6-822E06DBC57C}"
EndProject
Project("{F184B08F-C81C-45F6-A57F-5ABD9991F28F}") = "Merchandising.Tests.Integration", "src\tests\Merchandising.Tests.Integration\Merchandising.Tests.Integration.vbproj", "{B79B66DE-0E8B-4AC9-83CF-C5CDCED875CC}"
EndProject
Project("{F184B08F-C81C-45F6-A57F-5ABD9991F28F}") = "Merchandising.Tests.Unit", "src\tests\Merchandising.Tests.Unit\Merchandising.Tests.Unit.vbproj", "{9F56A4BC-93E8-4EAF-99D8-64CA1BE3E9C2}"
EndProject
Global
	GlobalSection(SolutionConfigurationPlatforms) = preSolution
		Debug|Any CPU = Debug|Any CPU
		Debug|x64 = Debug|x64
		Debug|x86 = Debug|x86
		Release|Any CPU = Release|Any CPU
		Release|x64 = Release|x64
		Release|x86 = Release|x86
	EndGlobalSection
	GlobalSection(ProjectConfigurationPlatforms) = postSolution
		{A169969C-749E-44EA-B7A8-1EF2C4ADBA95}.Debug|Any CPU.ActiveCfg = Debug|Any CPU
		{A169969C-749E-44EA-B7A8-1EF2C4ADBA95}.Debug|Any CPU.Build.0 = Debug|Any CPU
		{A169969C-749E-44EA-B7A8-1EF2C4ADBA95}.Debug|x64.ActiveCfg = Debug|x64
		{A169969C-749E-44EA-B7A8-1EF2C4ADBA95}.Debug|x64.Build.0 = Debug|x64
		{A169969C-749E-44EA-B7A8-1EF2C4ADBA95}.Debug|x86.ActiveCfg = Debug|Any CPU
		{A169969C-749E-44EA-B7A8-1EF2C4ADBA95}.Debug|x86.Build.0 = Debug|Any CPU
		{A169969C-749E-44EA-B7A8-1EF2C4ADBA95}.Release|Any CPU.ActiveCfg = Release|Any CPU
		{A169969C-749E-44EA-B7A8-1EF2C4ADBA95}.Release|Any CPU.Build.0 = Release|Any CPU
		{A169969C-749E-44EA-B7A8-1EF2C4ADBA95}.Release|x64.ActiveCfg = Release|x64
		{A169969C-749E-44EA-B7A8-1EF2C4ADBA95}.Release|x64.Build.0 = Release|x64
		{A169969C-749E-44EA-B7A8-1EF2C4ADBA95}.Release|x86.ActiveCfg = Release|Any CPU
		{A169969C-749E-44EA-B7A8-1EF2C4ADBA95}.Release|x86.Build.0 = Release|Any CPU
		{FE35A301-BAE1-48D0-98B7-C858BB95E102}.Debug|Any CPU.ActiveCfg = Debug|Any CPU
		{FE35A301-BAE1-48D0-98B7-C858BB95E102}.Debug|Any CPU.Build.0 = Debug|Any CPU
		{FE35A301-BAE1-48D0-98B7-C858BB95E102}.Debug|x64.ActiveCfg = Debug|x64
		{FE35A301-BAE1-48D0-98B7-C858BB95E102}.Debug|x64.Build.0 = Debug|x64
		{FE35A301-BAE1-48D0-98B7-C858BB95E102}.Debug|x86.ActiveCfg = Debug|Any CPU
		{FE35A301-BAE1-48D0-98B7-C858BB95E102}.Debug|x86.Build.0 = Debug|Any CPU
		{FE35A301-BAE1-48D0-98B7-C858BB95E102}.Release|Any CPU.ActiveCfg = Release|Any CPU
		{FE35A301-BAE1-48D0-98B7-C858BB95E102}.Release|Any CPU.Build.0 = Release|Any CPU
		{FE35A301-BAE1-48D0-98B7-C858BB95E102}.Release|x64.ActiveCfg = Release|x64
		{FE35A301-BAE1-48D0-98B7-C858BB95E102}.Release|x64.Build.0 = Release|x64
		{FE35A301-BAE1-48D0-98B7-C858BB95E102}.Release|x86.ActiveCfg = Release|Any CPU
		{FE35A301-BAE1-48D0-98B7-C858BB95E102}.Release|x86.Build.0 = Release|Any CPU
		{F195E552-6D61-4BBE-90C1-66259F62EFE3}.Debug|Any CPU.ActiveCfg = Debug|Any CPU
		{F195E552-6D61-4BBE-90C1-66259F62EFE3}.Debug|Any CPU.Build.0 = Debug|Any CPU
		{F195E552-6D61-4BBE-90C1-66259F62EFE3}.Debug|x64.ActiveCfg = Debug|x64
		{F195E552-6D61-4BBE-90C1-66259F62EFE3}.Debug|x64.Build.0 = Debug|x64
		{F195E552-6D61-4BBE-90C1-66259F62EFE3}.Debug|x86.ActiveCfg = Debug|Any CPU
		{F195E552-6D61-4BBE-90C1-66259F62EFE3}.Debug|x86.Build.0 = Debug|Any CPU
		{F195E552-6D61-4BBE-90C1-66259F62EFE3}.Release|Any CPU.ActiveCfg = Release|Any CPU
		{F195E552-6D61-4BBE-90C1-66259F62EFE3}.Release|Any CPU.Build.0 = Release|Any CPU
		{F195E552-6D61-4BBE-90C1-66259F62EFE3}.Release|x64.ActiveCfg = Release|x64
		{F195E552-6D61-4BBE-90C1-66259F62EFE3}.Release|x64.Build.0 = Release|x64
		{F195E552-6D61-4BBE-90C1-66259F62EFE3}.Release|x86.ActiveCfg = Release|Any CPU
		{F195E552-6D61-4BBE-90C1-66259F62EFE3}.Release|x86.Build.0 = Release|Any CPU
		{E7C923D4-4520-4D4D-81E1-904579883699}.Debug|Any CPU.ActiveCfg = Debug|Any CPU
		{E7C923D4-4520-4D4D-81E1-904579883699}.Debug|Any CPU.Build.0 = Debug|Any CPU
		{E7C923D4-4520-4D4D-81E1-904579883699}.Debug|x64.ActiveCfg = Debug|x64
		{E7C923D4-4520-4D4D-81E1-904579883699}.Debug|x64.Build.0 = Debug|x64
		{E7C923D4-4520-4D4D-81E1-904579883699}.Debug|x86.ActiveCfg = Debug|Any CPU
		{E7C923D4-4520-4D4D-81E1-904579883699}.Debug|x86.Build.0 = Debug|Any CPU
		{E7C923D4-4520-4D4D-81E1-904579883699}.Release|Any CPU.ActiveCfg = Release|Any CPU
		{E7C923D4-4520-4D4D-81E1-904579883699}.Release|Any CPU.Build.0 = Release|Any CPU
		{E7C923D4-4520-4D4D-81E1-904579883699}.Release|x64.ActiveCfg = Release|x64
		{E7C923D4-4520-4D4D-81E1-904579883699}.Release|x64.Build.0 = Release|x64
		{E7C923D4-4520-4D4D-81E1-904579883699}.Release|x86.ActiveCfg = Release|Any CPU
		{E7C923D4-4520-4D4D-81E1-904579883699}.Release|x86.Build.0 = Release|Any CPU
		{F6CB0F5D-8768-4CB1-ACBD-03CEC47DAF5A}.Debug|Any CPU.ActiveCfg = Debug|Any CPU
		{F6CB0F5D-8768-4CB1-ACBD-03CEC47DAF5A}.Debug|Any CPU.Build.0 = Debug|Any CPU
		{F6CB0F5D-8768-4CB1-ACBD-03CEC47DAF5A}.Debug|x64.ActiveCfg = Debug|x64
		{F6CB0F5D-8768-4CB1-ACBD-03CEC47DAF5A}.Debug|x64.Build.0 = Debug|x64
		{F6CB0F5D-8768-4CB1-ACBD-03CEC47DAF5A}.Debug|x86.ActiveCfg = Debug|Any CPU
		{F6CB0F5D-8768-4CB1-ACBD-03CEC47DAF5A}.Debug|x86.Build.0 = Debug|Any CPU
		{F6CB0F5D-8768-4CB1-ACBD-03CEC47DAF5A}.Release|Any CPU.ActiveCfg = Release|Any CPU
		{F6CB0F5D-8768-4CB1-ACBD-03CEC47DAF5A}.Release|Any CPU.Build.0 = Release|Any CPU
		{F6CB0F5D-8768-4CB1-ACBD-03CEC47DAF5A}.Release|x64.ActiveCfg = Release|x64
		{F6CB0F5D-8768-4CB1-ACBD-03CEC47DAF5A}.Release|x64.Build.0 = Release|x64
		{F6CB0F5D-8768-4CB1-ACBD-03CEC47DAF5A}.Release|x86.ActiveCfg = Release|Any CPU
		{F6CB0F5D-8768-4CB1-ACBD-03CEC47DAF5A}.Release|x86.Build.0 = Release|Any CPU
		{E19DCADA-12C0-4809-A789-AAA7331F3AAF}.Debug|Any CPU.ActiveCfg = Debug|Any CPU
		{E19DCADA-12C0-4809-A789-AAA7331F3AAF}.Debug|Any CPU.Build.0 = Debug|Any CPU
		{E19DCADA-12C0-4809-A789-AAA7331F3AAF}.Debug|x64.ActiveCfg = Debug|x64
		{E19DCADA-12C0-4809-A789-AAA7331F3AAF}.Debug|x64.Build.0 = Debug|x64
		{E19DCADA-12C0-4809-A789-AAA7331F3AAF}.Debug|x86.ActiveCfg = Debug|Any CPU
		{E19DCADA-12C0-4809-A789-AAA7331F3AAF}.Debug|x86.Build.0 = Debug|Any CPU
		{E19DCADA-12C0-4809-A789-AAA7331F3AAF}.Release|Any CPU.ActiveCfg = Release|Any CPU
		{E19DCADA-12C0-4809-A789-AAA7331F3AAF}.Release|Any CPU.Build.0 = Release|Any CPU
		{E19DCADA-12C0-4809-A789-AAA7331F3AAF}.Release|x64.ActiveCfg = Release|x64
		{E19DCADA-12C0-4809-A789-AAA7331F3AAF}.Release|x64.Build.0 = Release|x64
		{E19DCADA-12C0-4809-A789-AAA7331F3AAF}.Release|x86.ActiveCfg = Release|Any CPU
		{E19DCADA-12C0-4809-A789-AAA7331F3AAF}.Release|x86.Build.0 = Release|Any CPU
		{E15416CE-7AA4-43C0-8A44-61E78AF61F0F}.Debug|Any CPU.ActiveCfg = Debug|Any CPU
		{E15416CE-7AA4-43C0-8A44-61E78AF61F0F}.Debug|Any CPU.Build.0 = Debug|Any CPU
		{E15416CE-7AA4-43C0-8A44-61E78AF61F0F}.Debug|x64.ActiveCfg = Debug|x64
		{E15416CE-7AA4-43C0-8A44-61E78AF61F0F}.Debug|x64.Build.0 = Debug|x64
		{E15416CE-7AA4-43C0-8A44-61E78AF61F0F}.Debug|x86.ActiveCfg = Debug|Any CPU
		{E15416CE-7AA4-43C0-8A44-61E78AF61F0F}.Debug|x86.Build.0 = Debug|Any CPU
		{E15416CE-7AA4-43C0-8A44-61E78AF61F0F}.Release|Any CPU.ActiveCfg = Release|Any CPU
		{E15416CE-7AA4-43C0-8A44-61E78AF61F0F}.Release|Any CPU.Build.0 = Release|Any CPU
		{E15416CE-7AA4-43C0-8A44-61E78AF61F0F}.Release|x64.ActiveCfg = Release|x64
		{E15416CE-7AA4-43C0-8A44-61E78AF61F0F}.Release|x64.Build.0 = Release|x64
		{E15416CE-7AA4-43C0-8A44-61E78AF61F0F}.Release|x86.ActiveCfg = Release|Any CPU
		{E15416CE-7AA4-43C0-8A44-61E78AF61F0F}.Release|x86.Build.0 = Release|Any CPU
		{470D3B7B-6899-47C6-AD06-74F8FFA7A24F}.Debug|Any CPU.ActiveCfg = Debug|Any CPU
		{470D3B7B-6899-47C6-AD06-74F8FFA7A24F}.Debug|Any CPU.Build.0 = Debug|Any CPU
		{470D3B7B-6899-47C6-AD06-74F8FFA7A24F}.Debug|x64.ActiveCfg = Debug|x64
		{470D3B7B-6899-47C6-AD06-74F8FFA7A24F}.Debug|x64.Build.0 = Debug|x64
		{470D3B7B-6899-47C6-AD06-74F8FFA7A24F}.Debug|x86.ActiveCfg = Debug|Any CPU
		{470D3B7B-6899-47C6-AD06-74F8FFA7A24F}.Debug|x86.Build.0 = Debug|Any CPU
		{470D3B7B-6899-47C6-AD06-74F8FFA7A24F}.Release|Any CPU.ActiveCfg = Release|Any CPU
		{470D3B7B-6899-47C6-AD06-74F8FFA7A24F}.Release|Any CPU.Build.0 = Release|Any CPU
		{470D3B7B-6899-47C6-AD06-74F8FFA7A24F}.Release|x64.ActiveCfg = Release|x64
		{470D3B7B-6899-47C6-AD06-74F8FFA7A24F}.Release|x64.Build.0 = Release|x64
		{470D3B7B-6899-47C6-AD06-74F8FFA7A24F}.Release|x86.ActiveCfg = Release|Any CPU
		{470D3B7B-6899-47C6-AD06-74F8FFA7A24F}.Release|x86.Build.0 = Release|Any CPU
		{8A3A1D2A-F35A-4206-A09C-7C0E10064861}.Debug|Any CPU.ActiveCfg = Debug|Any CPU
		{8A3A1D2A-F35A-4206-A09C-7C0E10064861}.Debug|Any CPU.Build.0 = Debug|Any CPU
		{8A3A1D2A-F35A-4206-A09C-7C0E10064861}.Debug|x64.ActiveCfg = Debug|x64
		{8A3A1D2A-F35A-4206-A09C-7C0E10064861}.Debug|x64.Build.0 = Debug|x64
		{8A3A1D2A-F35A-4206-A09C-7C0E10064861}.Debug|x86.ActiveCfg = Debug|Any CPU
		{8A3A1D2A-F35A-4206-A09C-7C0E10064861}.Debug|x86.Build.0 = Debug|Any CPU
		{8A3A1D2A-F35A-4206-A09C-7C0E10064861}.Release|Any CPU.ActiveCfg = Release|Any CPU
		{8A3A1D2A-F35A-4206-A09C-7C0E10064861}.Release|Any CPU.Build.0 = Release|Any CPU
		{8A3A1D2A-F35A-4206-A09C-7C0E10064861}.Release|x64.ActiveCfg = Release|x64
		{8A3A1D2A-F35A-4206-A09C-7C0E10064861}.Release|x64.Build.0 = Release|x64
		{8A3A1D2A-F35A-4206-A09C-7C0E10064861}.Release|x86.ActiveCfg = Release|Any CPU
		{8A3A1D2A-F35A-4206-A09C-7C0E10064861}.Release|x86.Build.0 = Release|Any CPU
		{B79B66DE-0E8B-4AC9-83CF-C5CDCED875CC}.Debug|Any CPU.ActiveCfg = Debug|Any CPU
		{B79B66DE-0E8B-4AC9-83CF-C5CDCED875CC}.Debug|Any CPU.Build.0 = Debug|Any CPU
		{B79B66DE-0E8B-4AC9-83CF-C5CDCED875CC}.Debug|x64.ActiveCfg = Debug|x64
		{B79B66DE-0E8B-4AC9-83CF-C5CDCED875CC}.Debug|x64.Build.0 = Debug|x64
		{B79B66DE-0E8B-4AC9-83CF-C5CDCED875CC}.Debug|x86.ActiveCfg = Debug|Any CPU
		{B79B66DE-0E8B-4AC9-83CF-C5CDCED875CC}.Debug|x86.Build.0 = Debug|Any CPU
		{B79B66DE-0E8B-4AC9-83CF-C5CDCED875CC}.Release|Any CPU.ActiveCfg = Release|Any CPU
		{B79B66DE-0E8B-4AC9-83CF-C5CDCED875CC}.Release|Any CPU.Build.0 = Release|Any CPU
		{B79B66DE-0E8B-4AC9-83CF-C5CDCED875CC}.Release|x64.ActiveCfg = Release|x64
		{B79B66DE-0E8B-4AC9-83CF-C5CDCED875CC}.Release|x64.Build.0 = Release|x64
		{B79B66DE-0E8B-4AC9-83CF-C5CDCED875CC}.Release|x86.ActiveCfg = Release|Any CPU
		{B79B66DE-0E8B-4AC9-83CF-C5CDCED875CC}.Release|x86.Build.0 = Release|Any CPU
		{9F56A4BC-93E8-4EAF-99D8-64CA1BE3E9C2}.Debug|Any CPU.ActiveCfg = Debug|Any CPU
		{9F56A4BC-93E8-4EAF-99D8-64CA1BE3E9C2}.Debug|Any CPU.Build.0 = Debug|Any CPU
		{9F56A4BC-93E8-4EAF-99D8-64CA1BE3E9C2}.Debug|x64.ActiveCfg = Debug|x64
		{9F56A4BC-93E8-4EAF-99D8-64CA1BE3E9C2}.Debug|x64.Build.0 = Debug|x64
		{9F56A4BC-93E8-4EAF-99D8-64CA1BE3E9C2}.Debug|x86.ActiveCfg = Debug|Any CPU
		{9F56A4BC-93E8-4EAF-99D8-64CA1BE3E9C2}.Debug|x86.Build.0 = Debug|Any CPU
		{9F56A4BC-93E8-4EAF-99D8-64CA1BE3E9C2}.Release|Any CPU.ActiveCfg = Release|Any CPU
		{9F56A4BC-93E8-4EAF-99D8-64CA1BE3E9C2}.Release|Any CPU.Build.0 = Release|Any CPU
		{9F56A4BC-93E8-4EAF-99D8-64CA1BE3E9C2}.Release|x64.ActiveCfg = Release|x64
		{9F56A4BC-93E8-4EAF-99D8-64CA1BE3E9C2}.Release|x64.Build.0 = Release|x64
		{9F56A4BC-93E8-4EAF-99D8-64CA1BE3E9C2}.Release|x86.ActiveCfg = Release|Any CPU
		{9F56A4BC-93E8-4EAF-99D8-64CA1BE3E9C2}.Release|x86.Build.0 = Release|Any CPU
	EndGlobalSection
	GlobalSection(SolutionProperties) = preSolution
		HideSolutionNode = FALSE
	EndGlobalSection
	GlobalSection(NestedProjects) = preSolution
		{A169969C-749E-44EA-B7A8-1EF2C4ADBA95} = {827E0CD3-B72D-47B6-A68D-7590B98EB39B}
		{FE35A301-BAE1-48D0-98B7-C858BB95E102} = {827E0CD3-B72D-47B6-A68D-7590B98EB39B}
		{F195E552-6D61-4BBE-90C1-66259F62EFE3} = {827E0CD3-B72D-47B6-A68D-7590B98EB39B}
		{E7C923D4-4520-4D4D-81E1-904579883699} = {827E0CD3-B72D-47B6-A68D-7590B98EB39B}
		{F6CB0F5D-8768-4CB1-ACBD-03CEC47DAF5A} = {827E0CD3-B72D-47B6-A68D-7590B98EB39B}
		{E19DCADA-12C0-4809-A789-AAA7331F3AAF} = {827E0CD3-B72D-47B6-A68D-7590B98EB39B}
		{E15416CE-7AA4-43C0-8A44-61E78AF61F0F} = {827E0CD3-B72D-47B6-A68D-7590B98EB39B}
		{470D3B7B-6899-47C6-AD06-74F8FFA7A24F} = {827E0CD3-B72D-47B6-A68D-7590B98EB39B}
		{8A3A1D2A-F35A-4206-A09C-7C0E10064861} = {827E0CD3-B72D-47B6-A68D-7590B98EB39B}
		{CEA09484-30F6-4D44-02F6-822E06DBC57C} = {827E0CD3-B72D-47B6-A68D-7590B98EB39B}
		{B79B66DE-0E8B-4AC9-83CF-C5CDCED875CC} = {CEA09484-30F6-4D44-02F6-822E06DBC57C}
		{9F56A4BC-93E8-4EAF-99D8-64CA1BE3E9C2} = {CEA09484-30F6-4D44-02F6-822E06DBC57C}
	EndGlobalSection
EndGlobal
